schema: '2.0'
stages:
  ingest:
    cmd: python src/data/ingest.py
    deps:
    - path: data/raw/Car_Hacking_Challenge_Dataset
      hash: md5
      md5: 5f72c1ed9abefb3e32cd3a651dd34ddb.dir
      size: 523722619
      nfiles: 9
    - path: src/data/ingest.py
      hash: md5
      md5: 379c9c0920ad94df335a588bcff80b1b
      size: 2441
    outs:
    - path: data/interim/car_hacking_with_session.parquet
      hash: md5
      md5: 6f5b8ae355aa89e63ed7501c2d3a5562
      size: 93003126
  split:
    cmd: PYTHONPATH=src python src/data/split.py
    deps:
    - path: data/interim/car_hacking_with_session.parquet
      hash: md5
      md5: 6f5b8ae355aa89e63ed7501c2d3a5562
      size: 93003126
    - path: src/data/split.py
      hash: md5
      md5: a947e0746a969565184a64e7673da77a
      size: 3728
    - path: src/utils/params.py
      hash: md5
      md5: 98e8615f596061dc1866f43886f5072b
      size: 2050
    params:
      params.yaml:
        split.test_sessions:
        - Pre_train_D_2
        - Pre_train_S_2
        split.val_sessions:
        - Pre_train_D_1
        - Pre_train_S_1
    outs:
    - path: data/processed/car_hacking/test.parquet
      hash: md5
      md5: 4f11d5b83c8d122d87e6b0d1a0088d61
      size: 18210043
    - path: data/processed/car_hacking/train.parquet
      hash: md5
      md5: 953cddb8033728457f2d4223511d714e
      size: 57953687
    - path: data/processed/car_hacking/val.parquet
      hash: md5
      md5: 51a174ee9e3c0b687d22a97361b6e063
      size: 16936948
  feature:
    cmd: PYTHONPATH=src python src/data/feature.py
    deps:
    - path: data/processed/car_hacking/test.parquet
      hash: md5
      md5: 4f11d5b83c8d122d87e6b0d1a0088d61
      size: 18210043
    - path: data/processed/car_hacking/train.parquet
      hash: md5
      md5: 953cddb8033728457f2d4223511d714e
      size: 57953687
    - path: data/processed/car_hacking/val.parquet
      hash: md5
      md5: 51a174ee9e3c0b687d22a97361b6e063
      size: 16936948
    - path: src/data/feature.py
      hash: md5
      md5: da3e77ea9daec90f8727cae3cf30823b
      size: 1346
    - path: src/utils/params.py
      hash: md5
      md5: 98e8615f596061dc1866f43886f5072b
      size: 2050
    params:
      params.yaml:
        feature.window_ms: 0
    outs:
    - path: data/processed/car_hacking/featured/test.parquet
      hash: md5
      md5: 0ced536d1376082200b1530e3c6c08f9
      size: 27883894
    - path: data/processed/car_hacking/featured/train.parquet
      hash: md5
      md5: aa8f546f386a494b3a459451439710d9
      size: 86100406
    - path: data/processed/car_hacking/featured/val.parquet
      hash: md5
      md5: d74c15ffd2ff3aff85fbe7a8b50d9d36
      size: 26133065
  train_mlp:
    cmd: PYTHONPATH=src python src/train_mlp.py
    deps:
    - path: data/processed/car_hacking/featured/train.parquet
      hash: md5
      md5: aa8f546f386a494b3a459451439710d9
      size: 86100406
    - path: data/processed/car_hacking/featured/val.parquet
      hash: md5
      md5: d74c15ffd2ff3aff85fbe7a8b50d9d36
      size: 26133065
    - path: src/data/mlp_dataset.py
      hash: md5
      md5: f67ad4699587149df33a9913b3e46e62
      size: 2483
    - path: src/data/streaming_dataset.py
      hash: md5
      md5: 7bed4eca2fda3a53e35c6e1a8f742872
      size: 4582
    - path: src/model/mlp.py
      hash: md5
      md5: 7f9d6f9e408f13529a8f07f936014df3
      size: 646
    - path: src/train_mlp.py
      hash: md5
      md5: bf71ef8ed3ba818c230da37d4835018f
      size: 2400
    - path: src/utils/metrics.py
      hash: md5
      md5: c70e8399a88e6c3ed7d71241dcf73719
      size: 3168
    - path: src/utils/mlflow_utils.py
      hash: md5
      md5: aecee8f5ec40579dfe1542ad21b20062
      size: 1708
    - path: src/utils/params.py
      hash: md5
      md5: 98e8615f596061dc1866f43886f5072b
      size: 2050
    params:
      params.yaml:
        mlflow.experiment_mlp: can_ids_mlp
        model.mlp:
          can_id_bits: 11
          num_classes: 5
        training.mlp:
          batch_size: 256
          epochs: 20
          learning_rate: 0.001
    outs:
    - path: checkpoints/mlp_best.keras
      hash: md5
      md5: 0c7605716c63d5abec279c9aac4ab5f4
      size: 40762
    - path: checkpoints/mlp_final.keras
      hash: md5
      md5: 5714246ab80b77f007b4990fcccb85ab
      size: 40762
    - path: checkpoints/mlp_norm_stats.json
      hash: md5
      md5: ddc01acadd3ab258f2d91298b91fdd1d
      size: 552
  eval_mlp:
    cmd: PYTHONPATH=src python src/eval_mlp.py
    deps:
    - path: checkpoints/mlp_best.keras
      hash: md5
      md5: 0c7605716c63d5abec279c9aac4ab5f4
      size: 40762
    - path: checkpoints/mlp_norm_stats.json
      hash: md5
      md5: ddc01acadd3ab258f2d91298b91fdd1d
      size: 552
    - path: data/processed/car_hacking/featured/test.parquet
      hash: md5
      md5: 0ced536d1376082200b1530e3c6c08f9
      size: 27883894
    - path: src/data/mlp_dataset.py
      hash: md5
      md5: f67ad4699587149df33a9913b3e46e62
      size: 2483
    - path: src/data/streaming_dataset.py
      hash: md5
      md5: 7bed4eca2fda3a53e35c6e1a8f742872
      size: 4582
    - path: src/eval_mlp.py
      hash: md5
      md5: 658b633548728d6e6141d79e60444551
      size: 8023
    - path: src/utils/metrics.py
      hash: md5
      md5: c70e8399a88e6c3ed7d71241dcf73719
      size: 3168
    - path: src/utils/mlflow_utils.py
      hash: md5
      md5: aecee8f5ec40579dfe1542ad21b20062
      size: 1708
    - path: src/utils/params.py
      hash: md5
      md5: 98e8615f596061dc1866f43886f5072b
      size: 2050
    params:
      params.yaml:
        mlflow.experiment_mlp: can_ids_mlp
        model.mlp:
          can_id_bits: 11
          num_classes: 5
        training.mlp:
          batch_size: 256
          epochs: 20
          learning_rate: 0.001
    outs:
    - path: reports/metrics/mlp_classification_report.json
      hash: md5
      md5: 93a30cd55db938f28241ffcda4efd45c
      size: 2705
